
Microsoft Visual Studio Solution File, Format Version 12.00
# Visual Studio Version 17
VisualStudioVersion = 17.4.33205.214
MinimumVisualStudioVersion = 10.0.40219.1
Project("{FAE04EC0-301F-11D3-BF4B-00C04F79EFBC}") = "TiposReferenciasVSTiposValor", "TiposReferenciasVSTiposValor\TiposReferenciasVSTiposValor.csproj", "{14D3C2FD-C79E-4388-8276-BE8F502F9A62}"
EndProject
Global
	GlobalSection(SolutionConfigurationPlatforms) = preSolution
		Debug|Any CPU = Debug|Any CPU
		Release|Any CPU = Release|Any CPU
	EndGlobalSection
	GlobalSection(ProjectConfigurationPlatforms) = postSolution
		{14D3C2FD-C79E-4388-8276-BE8F502F9A62}.Debug|Any CPU.ActiveCfg = Debug|Any CPU
		{14D3C2FD-C79E-4388-8276-BE8F502F9A62}.Debug|Any CPU.Build.0 = Debug|Any CPU
		{14D3C2FD-C79E-4388-8276-BE8F502F9A62}.Release|Any CPU.ActiveCfg = Release|Any CPU
		{14D3C2FD-C79E-4388-8276-BE8F502F9A62}.Release|Any CPU.Build.0 = Release|Any CPU
	EndGlobalSection
	GlobalSection(SolutionProperties) = preSolution
		HideSolutionNode = FALSE
	EndGlobalSection
	GlobalSection(ExtensibilityGlobals) = postSolution
		SolutionGuid = {79BEDB9C-C81B-4F34-ABAF-4C28C19607B6}
	EndGlobalSection
EndGlobal
