
Microsoft Visual Studio Solution File, Format Version 12.00
# Visual Studio Version 17
VisualStudioVersion = 17.4.33205.214
MinimumVisualStudioVersion = 10.0.40219.1
Project("{FAE04EC0-301F-11D3-BF4B-00C04F79EFBC}") = "ComparaObjetos", "ComparaObjetos\ComparaObjetos.csproj", "{21E77ACD-A3F4-43BA-95AF-6C22D78865C3}"
EndProject
Global
	GlobalSection(SolutionConfigurationPlatforms) = preSolution
		Debug|Any CPU = Debug|Any CPU
		Release|Any CPU = Release|Any CPU
	EndGlobalSection
	GlobalSection(ProjectConfigurationPlatforms) = postSolution
		{21E77ACD-A3F4-43BA-95AF-6C22D78865C3}.Debug|Any CPU.ActiveCfg = Debug|Any CPU
		{21E77ACD-A3F4-43BA-95AF-6C22D78865C3}.Debug|Any CPU.Build.0 = Debug|Any CPU
		{21E77ACD-A3F4-43BA-95AF-6C22D78865C3}.Release|Any CPU.ActiveCfg = Release|Any CPU
		{21E77ACD-A3F4-43BA-95AF-6C22D78865C3}.Release|Any CPU.Build.0 = Release|Any CPU
	EndGlobalSection
	GlobalSection(SolutionProperties) = preSolution
		HideSolutionNode = FALSE
	EndGlobalSection
	GlobalSection(ExtensibilityGlobals) = postSolution
		SolutionGuid = {7CAC55A0-41DD-4C40-8BEC-7EC5768DFC8A}
	EndGlobalSection
EndGlobal
