
Microsoft Visual Studio Solution File, Format Version 12.00
# Visual Studio Version 17
VisualStudioVersion = 17.4.33205.214
MinimumVisualStudioVersion = 10.0.40219.1
Project("{FAE04EC0-301F-11D3-BF4B-00C04F79EFBC}") = "Control_de_acceso", "Control_de_acceso\Control_de_acceso.csproj", "{169814D4-1EA0-4874-805F-51F827DC56D9}"
EndProject
Global
	GlobalSection(SolutionConfigurationPlatforms) = preSolution
		Debug|Any CPU = Debug|Any CPU
		Release|Any CPU = Release|Any CPU
	EndGlobalSection
	GlobalSection(ProjectConfigurationPlatforms) = postSolution
		{169814D4-1EA0-4874-805F-51F827DC56D9}.Debug|Any CPU.ActiveCfg = Debug|Any CPU
		{169814D4-1EA0-4874-805F-51F827DC56D9}.Debug|Any CPU.Build.0 = Debug|Any CPU
		{169814D4-1EA0-4874-805F-51F827DC56D9}.Release|Any CPU.ActiveCfg = Release|Any CPU
		{169814D4-1EA0-4874-805F-51F827DC56D9}.Release|Any CPU.Build.0 = Release|Any CPU
	EndGlobalSection
	GlobalSection(SolutionProperties) = preSolution
		HideSolutionNode = FALSE
	EndGlobalSection
	GlobalSection(ExtensibilityGlobals) = postSolution
		SolutionGuid = {152A60DA-00F1-424F-AFCC-04102DE7FC85}
	EndGlobalSection
EndGlobal
