
Microsoft Visual Studio Solution File, Format Version 12.00
# Visual Studio Version 17
VisualStudioVersion = 17.4.33205.214
MinimumVisualStudioVersion = 10.0.40219.1
Project("{FAE04EC0-301F-11D3-BF4B-00C04F79EFBC}") = "Condicionales", "Condicionales\Condicionales.csproj", "{01178F9C-2844-48F6-AFE4-BF7348720E4B}"
EndProject
Global
	GlobalSection(SolutionConfigurationPlatforms) = preSolution
		Debug|Any CPU = Debug|Any CPU
		Release|Any CPU = Release|Any CPU
	EndGlobalSection
	GlobalSection(ProjectConfigurationPlatforms) = postSolution
		{01178F9C-2844-48F6-AFE4-BF7348720E4B}.Debug|Any CPU.ActiveCfg = Debug|Any CPU
		{01178F9C-2844-48F6-AFE4-BF7348720E4B}.Debug|Any CPU.Build.0 = Debug|Any CPU
		{01178F9C-2844-48F6-AFE4-BF7348720E4B}.Release|Any CPU.ActiveCfg = Release|Any CPU
		{01178F9C-2844-48F6-AFE4-BF7348720E4B}.Release|Any CPU.Build.0 = Release|Any CPU
	EndGlobalSection
	GlobalSection(SolutionProperties) = preSolution
		HideSolutionNode = FALSE
	EndGlobalSection
	GlobalSection(ExtensibilityGlobals) = postSolution
		SolutionGuid = {0B78CDE3-71AD-4151-8C8F-4BE70CE9BB6C}
	EndGlobalSection
EndGlobal
