
Microsoft Visual Studio Solution File, Format Version 12.00
# Visual Studio Version 17
VisualStudioVersion = 17.4.33205.214
MinimumVisualStudioVersion = 10.0.40219.1
Project("{FAE04EC0-301F-11D3-BF4B-00C04F79EFBC}") = "RETO-promedio_calificaciones", "RETO-promedio_calificaciones\RETO-promedio_calificaciones.csproj", "{8ECE224A-C6A4-44EA-B80F-B346E99DB4B3}"
EndProject
Global
	GlobalSection(SolutionConfigurationPlatforms) = preSolution
		Debug|Any CPU = Debug|Any CPU
		Release|Any CPU = Release|Any CPU
	EndGlobalSection
	GlobalSection(ProjectConfigurationPlatforms) = postSolution
		{8ECE224A-C6A4-44EA-B80F-B346E99DB4B3}.Debug|Any CPU.ActiveCfg = Debug|Any CPU
		{8ECE224A-C6A4-44EA-B80F-B346E99DB4B3}.Debug|Any CPU.Build.0 = Debug|Any CPU
		{8ECE224A-C6A4-44EA-B80F-B346E99DB4B3}.Release|Any CPU.ActiveCfg = Release|Any CPU
		{8ECE224A-C6A4-44EA-B80F-B346E99DB4B3}.Release|Any CPU.Build.0 = Release|Any CPU
	EndGlobalSection
	GlobalSection(SolutionProperties) = preSolution
		HideSolutionNode = FALSE
	EndGlobalSection
	GlobalSection(ExtensibilityGlobals) = postSolution
		SolutionGuid = {25E2D65E-7B9D-4C16-A079-6701A7632068}
	EndGlobalSection
EndGlobal
