
Microsoft Visual Studio Solution File, Format Version 12.00
# Visual Studio Version 17
VisualStudioVersion = 17.4.33205.214
MinimumVisualStudioVersion = 10.0.40219.1
Project("{FAE04EC0-301F-11D3-BF4B-00C04F79EFBC}") = "Iteracion_arreglos", "Iteracion_arreglos\Iteracion_arreglos.csproj", "{A6A2D82F-076A-4206-B731-4495F0D57928}"
EndProject
Global
	GlobalSection(SolutionConfigurationPlatforms) = preSolution
		Debug|Any CPU = Debug|Any CPU
		Release|Any CPU = Release|Any CPU
	EndGlobalSection
	GlobalSection(ProjectConfigurationPlatforms) = postSolution
		{A6A2D82F-076A-4206-B731-4495F0D57928}.Debug|Any CPU.ActiveCfg = Debug|Any CPU
		{A6A2D82F-076A-4206-B731-4495F0D57928}.Debug|Any CPU.Build.0 = Debug|Any CPU
		{A6A2D82F-076A-4206-B731-4495F0D57928}.Release|Any CPU.ActiveCfg = Release|Any CPU
		{A6A2D82F-076A-4206-B731-4495F0D57928}.Release|Any CPU.Build.0 = Release|Any CPU
	EndGlobalSection
	GlobalSection(SolutionProperties) = preSolution
		HideSolutionNode = FALSE
	EndGlobalSection
	GlobalSection(ExtensibilityGlobals) = postSolution
		SolutionGuid = {AC180C17-63A6-49E9-90A9-42D2FBA90332}
	EndGlobalSection
EndGlobal
