
Microsoft Visual Studio Solution File, Format Version 12.00
# Visual Studio Version 17
VisualStudioVersion = 17.4.33205.214
MinimumVisualStudioVersion = 10.0.40219.1
Project("{FAE04EC0-301F-11D3-BF4B-00C04F79EFBC}") = "Variables", "Variables\Variables.csproj", "{306E47A1-146D-4EB6-A79B-06C2FFC831CA}"
EndProject
Global
	GlobalSection(SolutionConfigurationPlatforms) = preSolution
		Debug|Any CPU = Debug|Any CPU
		Release|Any CPU = Release|Any CPU
	EndGlobalSection
	GlobalSection(ProjectConfigurationPlatforms) = postSolution
		{306E47A1-146D-4EB6-A79B-06C2FFC831CA}.Debug|Any CPU.ActiveCfg = Debug|Any CPU
		{306E47A1-146D-4EB6-A79B-06C2FFC831CA}.Debug|Any CPU.Build.0 = Debug|Any CPU
		{306E47A1-146D-4EB6-A79B-06C2FFC831CA}.Release|Any CPU.ActiveCfg = Release|Any CPU
		{306E47A1-146D-4EB6-A79B-06C2FFC831CA}.Release|Any CPU.Build.0 = Release|Any CPU
	EndGlobalSection
	GlobalSection(SolutionProperties) = preSolution
		HideSolutionNode = FALSE
	EndGlobalSection
	GlobalSection(ExtensibilityGlobals) = postSolution
		SolutionGuid = {7B772045-618F-462E-A3CC-49F935BAC227}
	EndGlobalSection
EndGlobal
