
Microsoft Visual Studio Solution File, Format Version 12.00
# Visual Studio Version 17
VisualStudioVersion = 17.4.33205.214
MinimumVisualStudioVersion = 10.0.40219.1
Project("{FAE04EC0-301F-11D3-BF4B-00C04F79EFBC}") = "Operadores", "Operadores\Operadores.csproj", "{17E93F03-BE8E-4897-A6DD-DB3A2567CA68}"
EndProject
Global
	GlobalSection(SolutionConfigurationPlatforms) = preSolution
		Debug|Any CPU = Debug|Any CPU
		Release|Any CPU = Release|Any CPU
	EndGlobalSection
	GlobalSection(ProjectConfigurationPlatforms) = postSolution
		{17E93F03-BE8E-4897-A6DD-DB3A2567CA68}.Debug|Any CPU.ActiveCfg = Debug|Any CPU
		{17E93F03-BE8E-4897-A6DD-DB3A2567CA68}.Debug|Any CPU.Build.0 = Debug|Any CPU
		{17E93F03-BE8E-4897-A6DD-DB3A2567CA68}.Release|Any CPU.ActiveCfg = Release|Any CPU
		{17E93F03-BE8E-4897-A6DD-DB3A2567CA68}.Release|Any CPU.Build.0 = Release|Any CPU
	EndGlobalSection
	GlobalSection(SolutionProperties) = preSolution
		HideSolutionNode = FALSE
	EndGlobalSection
	GlobalSection(ExtensibilityGlobals) = postSolution
		SolutionGuid = {26204D9A-728B-4FA5-81AE-440DEDFBFAEC}
	EndGlobalSection
EndGlobal
