
Microsoft Visual Studio Solution File, Format Version 12.00
# Visual Studio Version 17
VisualStudioVersion = 17.4.33205.214
MinimumVisualStudioVersion = 10.0.40219.1
Project("{FAE04EC0-301F-11D3-BF4B-00C04F79EFBC}") = "Hola_mundo", "Hola_mundo.csproj", "{2237104C-AB22-4239-845D-EC41C6795F8A}"
EndProject
Global
	GlobalSection(SolutionConfigurationPlatforms) = preSolution
		Debug|Any CPU = Debug|Any CPU
		Release|Any CPU = Release|Any CPU
	EndGlobalSection
	GlobalSection(ProjectConfigurationPlatforms) = postSolution
		{2237104C-AB22-4239-845D-EC41C6795F8A}.Debug|Any CPU.ActiveCfg = Debug|Any CPU
		{2237104C-AB22-4239-845D-EC41C6795F8A}.Debug|Any CPU.Build.0 = Debug|Any CPU
		{2237104C-AB22-4239-845D-EC41C6795F8A}.Release|Any CPU.ActiveCfg = Release|Any CPU
		{2237104C-AB22-4239-845D-EC41C6795F8A}.Release|Any CPU.Build.0 = Release|Any CPU
	EndGlobalSection
	GlobalSection(SolutionProperties) = preSolution
		HideSolutionNode = FALSE
	EndGlobalSection
	GlobalSection(ExtensibilityGlobals) = postSolution
		SolutionGuid = {7A82D9C3-A30D-495D-980E-A2A3F65B2F92}
	EndGlobalSection
EndGlobal
