
Microsoft Visual Studio Solution File, Format Version 12.00
# Visual Studio Version 17
VisualStudioVersion = 17.4.33205.214
MinimumVisualStudioVersion = 10.0.40219.1
Project("{FAE04EC0-301F-11D3-BF4B-00C04F79EFBC}") = "Reto_clase-persona", "Reto_clase-persona\Reto_clase-persona.csproj", "{AE2F6A70-B456-4CC4-9D38-D2F23393DED5}"
EndProject
Global
	GlobalSection(SolutionConfigurationPlatforms) = preSolution
		Debug|Any CPU = Debug|Any CPU
		Release|Any CPU = Release|Any CPU
	EndGlobalSection
	GlobalSection(ProjectConfigurationPlatforms) = postSolution
		{AE2F6A70-B456-4CC4-9D38-D2F23393DED5}.Debug|Any CPU.ActiveCfg = Debug|Any CPU
		{AE2F6A70-B456-4CC4-9D38-D2F23393DED5}.Debug|Any CPU.Build.0 = Debug|Any CPU
		{AE2F6A70-B456-4CC4-9D38-D2F23393DED5}.Release|Any CPU.ActiveCfg = Release|Any CPU
		{AE2F6A70-B456-4CC4-9D38-D2F23393DED5}.Release|Any CPU.Build.0 = Release|Any CPU
	EndGlobalSection
	GlobalSection(SolutionProperties) = preSolution
		HideSolutionNode = FALSE
	EndGlobalSection
	GlobalSection(ExtensibilityGlobals) = postSolution
		SolutionGuid = {A33876C8-D069-4F68-ACFF-E59F1FA58AD5}
	EndGlobalSection
EndGlobal
