
Microsoft Visual Studio Solution File, Format Version 12.00
# Visual Studio Version 17
VisualStudioVersion = 17.4.33205.214
MinimumVisualStudioVersion = 10.0.40219.1
Project("{FAE04EC0-301F-11D3-BF4B-00C04F79EFBC}") = "Polimorfismo", "Polimorfismo\Polimorfismo.csproj", "{2E08B8D8-F3CD-426F-9F03-230697B1193B}"
EndProject
Global
	GlobalSection(SolutionConfigurationPlatforms) = preSolution
		Debug|Any CPU = Debug|Any CPU
		Release|Any CPU = Release|Any CPU
	EndGlobalSection
	GlobalSection(ProjectConfigurationPlatforms) = postSolution
		{2E08B8D8-F3CD-426F-9F03-230697B1193B}.Debug|Any CPU.ActiveCfg = Debug|Any CPU
		{2E08B8D8-F3CD-426F-9F03-230697B1193B}.Debug|Any CPU.Build.0 = Debug|Any CPU
		{2E08B8D8-F3CD-426F-9F03-230697B1193B}.Release|Any CPU.ActiveCfg = Release|Any CPU
		{2E08B8D8-F3CD-426F-9F03-230697B1193B}.Release|Any CPU.Build.0 = Release|Any CPU
	EndGlobalSection
	GlobalSection(SolutionProperties) = preSolution
		HideSolutionNode = FALSE
	EndGlobalSection
	GlobalSection(ExtensibilityGlobals) = postSolution
		SolutionGuid = {BAE62860-D409-4010-9BE1-98260C1E582E}
	EndGlobalSection
EndGlobal
